
Microsoft Visual Studio Solution File, Format Version 12.00
# Visual Studio Version 16
VisualStudioVersion = 16.0.31025.194
MinimumVisualStudioVersion = 10.0.40219.1
Project("{FAE04EC0-301F-11D3-BF4B-00C04F79EFBC}") = "GASOLINERA2", "GASOLINERA2\GASOLINERA2.csproj", "{B2ABEB38-B7CA-4563-B201-9883A0FADA52}"
EndProject
Global
	GlobalSection(SolutionConfigurationPlatforms) = preSolution
		Debug|Any CPU = Debug|Any CPU
		Release|Any CPU = Release|Any CPU
	EndGlobalSection
	GlobalSection(ProjectConfigurationPlatforms) = postSolution
		{B2ABEB38-B7CA-4563-B201-9883A0FADA52}.Debug|Any CPU.ActiveCfg = Debug|Any CPU
		{B2ABEB38-B7CA-4563-B201-9883A0FADA52}.Debug|Any CPU.Build.0 = Debug|Any CPU
		{B2ABEB38-B7CA-4563-B201-9883A0FADA52}.Release|Any CPU.ActiveCfg = Release|Any CPU
		{B2ABEB38-B7CA-4563-B201-9883A0FADA52}.Release|Any CPU.Build.0 = Release|Any CPU
	EndGlobalSection
	GlobalSection(SolutionProperties) = preSolution
		HideSolutionNode = FALSE
	EndGlobalSection
	GlobalSection(ExtensibilityGlobals) = postSolution
		SolutionGuid = {AC3E5F8F-CCE1-4843-8F6D-1972830FF185}
	EndGlobalSection
EndGlobal
